
Microsoft Visual Studio Solution File, Format Version 12.00
# Visual Studio Version 17
VisualStudioVersion = 17.12.35514.174 d17.12
MinimumVisualStudioVersion = 10.0.40219.1
Project("{2150E333-8FDC-42A3-9474-1A3956D46DE8}") = "bin", "bin", "{8FF70FDE-CA38-451C-8612-80FEAA2CE1DA}"
EndProject
Project("{2150E333-8FDC-42A3-9474-1A3956D46DE8}") = "tests", "tests", "{0D399ADE-AC2F-44E5-80EF-758131B82E81}"
EndProject
Project("{2150E333-8FDC-42A3-9474-1A3956D46DE8}") = "data", "data", "{9FC13AC1-BECC-49B7-BB36-B7620BB848F0}"
EndProject
Project("{2150E333-8FDC-42A3-9474-1A3956D46DE8}") = "projects", "projects", "{066EEAE4-7064-4683-B630-3A560A76DA11}"
EndProject
Project("{2150E333-8FDC-42A3-9474-1A3956D46DE8}") = "res", "res", "{D592D40C-6C23-4D73-AF17-35185826FE4F}"
EndProject
Project("{2150E333-8FDC-42A3-9474-1A3956D46DE8}") = "MAUI", "MAUI", "{8039B0A7-931F-415F-8F98-84FBDAD81A3B}"
EndProject
Project("{2150E333-8FDC-42A3-9474-1A3956D46DE8}") = "ASP", "ASP", "{D50C6F08-5CBC-4081-BDAD-BE06038D491F}"
EndProject
Project("{FAE04EC0-301F-11D3-BF4B-00C04F79EFBC}") = "YP3-2024_MAUI", "bin\projects\MAUI\YP3-2024_MAUI\YP3-2024_MAUI\YP3-2024_MAUI.csproj", "{79BDF564-18CF-4C74-BB87-EFA380DFA3FA}"
EndProject
Project("{FAE04EC0-301F-11D3-BF4B-00C04F79EFBC}") = "YP3-2024_MAUI.Mac", "bin\projects\MAUI\YP3-2024_MAUI\YP3-2024_MAUI.Mac\YP3-2024_MAUI.Mac.csproj", "{B0A0C51E-D537-40AB-AEF6-A828D9C943A6}"
EndProject
Project("{FAE04EC0-301F-11D3-BF4B-00C04F79EFBC}") = "YP3-2024_MAUI.WinUI", "bin\projects\MAUI\YP3-2024_MAUI\YP3-2024_MAUI.WinUI\YP3-2024_MAUI.WinUI.csproj", "{B6F22E5A-AD81-479D-8C37-961F8996ED26}"
EndProject
Project("{FAE04EC0-301F-11D3-BF4B-00C04F79EFBC}") = "YP3-2024_ASP", "bin\projects\ASP\YP3-2024_ASP\YP3-2024_ASP.csproj", "{0EE297FF-7843-4045-82DF-0ED68B9B9BBA}"
EndProject
Global
	GlobalSection(SolutionConfigurationPlatforms) = preSolution
		Debug|Any CPU = Debug|Any CPU
		Release|Any CPU = Release|Any CPU
	EndGlobalSection
	GlobalSection(ProjectConfigurationPlatforms) = postSolution
		{79BDF564-18CF-4C74-BB87-EFA380DFA3FA}.Debug|Any CPU.ActiveCfg = Debug|Any CPU
		{79BDF564-18CF-4C74-BB87-EFA380DFA3FA}.Debug|Any CPU.Build.0 = Debug|Any CPU
		{79BDF564-18CF-4C74-BB87-EFA380DFA3FA}.Release|Any CPU.ActiveCfg = Release|Any CPU
		{79BDF564-18CF-4C74-BB87-EFA380DFA3FA}.Release|Any CPU.Build.0 = Release|Any CPU
		{B0A0C51E-D537-40AB-AEF6-A828D9C943A6}.Debug|Any CPU.ActiveCfg = Debug|Any CPU
		{B0A0C51E-D537-40AB-AEF6-A828D9C943A6}.Debug|Any CPU.Build.0 = Debug|Any CPU
		{B0A0C51E-D537-40AB-AEF6-A828D9C943A6}.Debug|Any CPU.Deploy.0 = Debug|Any CPU
		{B0A0C51E-D537-40AB-AEF6-A828D9C943A6}.Release|Any CPU.ActiveCfg = Release|Any CPU
		{B0A0C51E-D537-40AB-AEF6-A828D9C943A6}.Release|Any CPU.Build.0 = Release|Any CPU
		{B0A0C51E-D537-40AB-AEF6-A828D9C943A6}.Release|Any CPU.Deploy.0 = Release|Any CPU
		{B6F22E5A-AD81-479D-8C37-961F8996ED26}.Debug|Any CPU.ActiveCfg = Debug|x64
		{B6F22E5A-AD81-479D-8C37-961F8996ED26}.Debug|Any CPU.Build.0 = Debug|x64
		{B6F22E5A-AD81-479D-8C37-961F8996ED26}.Release|Any CPU.ActiveCfg = Release|x64
		{B6F22E5A-AD81-479D-8C37-961F8996ED26}.Release|Any CPU.Build.0 = Release|x64
		{0EE297FF-7843-4045-82DF-0ED68B9B9BBA}.Debug|Any CPU.ActiveCfg = Debug|Any CPU
		{0EE297FF-7843-4045-82DF-0ED68B9B9BBA}.Debug|Any CPU.Build.0 = Debug|Any CPU
		{0EE297FF-7843-4045-82DF-0ED68B9B9BBA}.Release|Any CPU.ActiveCfg = Release|Any CPU
		{0EE297FF-7843-4045-82DF-0ED68B9B9BBA}.Release|Any CPU.Build.0 = Release|Any CPU
	EndGlobalSection
	GlobalSection(SolutionProperties) = preSolution
		HideSolutionNode = FALSE
	EndGlobalSection
	GlobalSection(NestedProjects) = preSolution
		{9FC13AC1-BECC-49B7-BB36-B7620BB848F0} = {8FF70FDE-CA38-451C-8612-80FEAA2CE1DA}
		{066EEAE4-7064-4683-B630-3A560A76DA11} = {8FF70FDE-CA38-451C-8612-80FEAA2CE1DA}
		{D592D40C-6C23-4D73-AF17-35185826FE4F} = {8FF70FDE-CA38-451C-8612-80FEAA2CE1DA}
		{8039B0A7-931F-415F-8F98-84FBDAD81A3B} = {066EEAE4-7064-4683-B630-3A560A76DA11}
		{D50C6F08-5CBC-4081-BDAD-BE06038D491F} = {066EEAE4-7064-4683-B630-3A560A76DA11}
		{79BDF564-18CF-4C74-BB87-EFA380DFA3FA} = {8039B0A7-931F-415F-8F98-84FBDAD81A3B}
		{B0A0C51E-D537-40AB-AEF6-A828D9C943A6} = {8039B0A7-931F-415F-8F98-84FBDAD81A3B}
		{B6F22E5A-AD81-479D-8C37-961F8996ED26} = {8039B0A7-931F-415F-8F98-84FBDAD81A3B}
		{0EE297FF-7843-4045-82DF-0ED68B9B9BBA} = {D50C6F08-5CBC-4081-BDAD-BE06038D491F}
	EndGlobalSection
EndGlobal
