Microsoft Visual Studio Solution File, Format Version 12.00
# Visual Studio Version 17
VisualStudioVersion = 17.12.35514.174 d17.12
MinimumVisualStudioVersion = 10.0.40219.1
Project("{FAE04EC0-301F-11D3-BF4B-00C04F79EFBC}") = "DESKTOP", "DESKTOP\DESKTOP.csproj", "{C4249FFF-8038-4BA2-B947-AE19E7586256}"
EndProject
Project("{FAE04EC0-301F-11D3-BF4B-00C04F79EFBC}") = "DESKTOP.Mac", "DESKTOP.Mac\DESKTOP.Mac.csproj", "{6F585B24-0182-4F32-907F-AF6896328EDB}"
EndProject
Project("{FAE04EC0-301F-11D3-BF4B-00C04F79EFBC}") = "DESKTOP.WinUI", "DESKTOP.WinUI\DESKTOP.WinUI.csproj", "{2612ECD2-6F15-44D5-BBD5-809211FBA8A6}"
EndProject
Global
	GlobalSection(SolutionConfigurationPlatforms) = preSolution
		Debug|Any CPU = Debug|Any CPU
		Release|Any CPU = Release|Any CPU
	EndGlobalSection
	GlobalSection(ProjectConfigurationPlatforms) = postSolution
		{C4249FFF-8038-4BA2-B947-AE19E7586256}.Debug|Any CPU.ActiveCfg = Debug|Any CPU
		{C4249FFF-8038-4BA2-B947-AE19E7586256}.Debug|Any CPU.Build.0 = Debug|Any CPU
		{C4249FFF-8038-4BA2-B947-AE19E7586256}.Release|Any CPU.ActiveCfg = Release|Any CPU
		{C4249FFF-8038-4BA2-B947-AE19E7586256}.Release|Any CPU.Build.0 = Release|Any CPU
		{6F585B24-0182-4F32-907F-AF6896328EDB}.Debug|Any CPU.ActiveCfg = Debug|Any CPU
		{6F585B24-0182-4F32-907F-AF6896328EDB}.Debug|Any CPU.Build.0 = Debug|Any CPU
		{6F585B24-0182-4F32-907F-AF6896328EDB}.Debug|Any CPU.Deploy.0 = Debug|Any CPU
		{6F585B24-0182-4F32-907F-AF6896328EDB}.Release|Any CPU.ActiveCfg = Release|Any CPU
		{6F585B24-0182-4F32-907F-AF6896328EDB}.Release|Any CPU.Build.0 = Release|Any CPU
		{6F585B24-0182-4F32-907F-AF6896328EDB}.Release|Any CPU.Deploy.0 = Release|Any CPU
		{2612ECD2-6F15-44D5-BBD5-809211FBA8A6}.Debug|Any CPU.ActiveCfg = Debug|x64
		{2612ECD2-6F15-44D5-BBD5-809211FBA8A6}.Debug|Any CPU.Build.0 = Debug|x64
		{2612ECD2-6F15-44D5-BBD5-809211FBA8A6}.Release|Any CPU.ActiveCfg = Release|x64
		{2612ECD2-6F15-44D5-BBD5-809211FBA8A6}.Release|Any CPU.Build.0 = Release|x64
	EndGlobalSection
	GlobalSection(SolutionProperties) = preSolution
		HideSolutionNode = FALSE
	EndGlobalSection
EndGlobal
