Microsoft Visual Studio Solution File, Format Version 12.00
# Visual Studio Version 17
VisualStudioVersion = 17.12.35521.163 d17.12
MinimumVisualStudioVersion = 10.0.40219.1
Project("{FAE04EC0-301F-11D3-BF4B-00C04F79EFBC}") = "DESKTOP", "DESKTOP\DESKTOP.csproj", "{CDFC3E3B-184C-41C9-843B-A217DB7A2174}"
EndProject
Project("{FAE04EC0-301F-11D3-BF4B-00C04F79EFBC}") = "DESKTOP.Mac", "DESKTOP.Mac\DESKTOP.Mac.csproj", "{3901F3BC-BD8C-41FE-8D84-C2BAAD01373D}"
EndProject
Project("{FAE04EC0-301F-11D3-BF4B-00C04F79EFBC}") = "DESKTOP.WinUI", "DESKTOP.WinUI\DESKTOP.WinUI.csproj", "{CA5C8179-B0AA-4529-8FAB-CA2158A1931E}"
EndProject
Global
	GlobalSection(SolutionConfigurationPlatforms) = preSolution
		Debug|Any CPU = Debug|Any CPU
		Release|Any CPU = Release|Any CPU
	EndGlobalSection
	GlobalSection(ProjectConfigurationPlatforms) = postSolution
		{CDFC3E3B-184C-41C9-843B-A217DB7A2174}.Debug|Any CPU.ActiveCfg = Debug|Any CPU
		{CDFC3E3B-184C-41C9-843B-A217DB7A2174}.Debug|Any CPU.Build.0 = Debug|Any CPU
		{CDFC3E3B-184C-41C9-843B-A217DB7A2174}.Release|Any CPU.ActiveCfg = Release|Any CPU
		{CDFC3E3B-184C-41C9-843B-A217DB7A2174}.Release|Any CPU.Build.0 = Release|Any CPU
		{3901F3BC-BD8C-41FE-8D84-C2BAAD01373D}.Debug|Any CPU.ActiveCfg = Debug|Any CPU
		{3901F3BC-BD8C-41FE-8D84-C2BAAD01373D}.Debug|Any CPU.Build.0 = Debug|Any CPU
		{3901F3BC-BD8C-41FE-8D84-C2BAAD01373D}.Debug|Any CPU.Deploy.0 = Debug|Any CPU
		{3901F3BC-BD8C-41FE-8D84-C2BAAD01373D}.Release|Any CPU.ActiveCfg = Release|Any CPU
		{3901F3BC-BD8C-41FE-8D84-C2BAAD01373D}.Release|Any CPU.Build.0 = Release|Any CPU
		{3901F3BC-BD8C-41FE-8D84-C2BAAD01373D}.Release|Any CPU.Deploy.0 = Release|Any CPU
		{CA5C8179-B0AA-4529-8FAB-CA2158A1931E}.Debug|Any CPU.ActiveCfg = Debug|x64
		{CA5C8179-B0AA-4529-8FAB-CA2158A1931E}.Debug|Any CPU.Build.0 = Debug|x64
		{CA5C8179-B0AA-4529-8FAB-CA2158A1931E}.Release|Any CPU.ActiveCfg = Release|x64
		{CA5C8179-B0AA-4529-8FAB-CA2158A1931E}.Release|Any CPU.Build.0 = Release|x64
	EndGlobalSection
	GlobalSection(SolutionProperties) = preSolution
		HideSolutionNode = FALSE
	EndGlobalSection
EndGlobal
